
Microsoft Visual Studio Solution File, Format Version 12.00
# Visual Studio Version 17
VisualStudioVersion = 17.7.34221.43
MinimumVisualStudioVersion = 10.0.40219.1
Project("{FAE04EC0-301F-11D3-BF4B-00C04F79EFBC}") = "epr-migration-test2", "epr-migration-test2\epr-migration-test2.csproj", "{0204C79B-BA45-4083-994B-0CA959B8D57F}"
EndProject
Global
	GlobalSection(SolutionConfigurationPlatforms) = preSolution
		Debug|Any CPU = Debug|Any CPU
		Release|Any CPU = Release|Any CPU
	EndGlobalSection
	GlobalSection(ProjectConfigurationPlatforms) = postSolution
		{0204C79B-BA45-4083-994B-0CA959B8D57F}.Debug|Any CPU.ActiveCfg = Debug|Any CPU
		{0204C79B-BA45-4083-994B-0CA959B8D57F}.Debug|Any CPU.Build.0 = Debug|Any CPU
		{0204C79B-BA45-4083-994B-0CA959B8D57F}.Release|Any CPU.ActiveCfg = Release|Any CPU
		{0204C79B-BA45-4083-994B-0CA959B8D57F}.Release|Any CPU.Build.0 = Release|Any CPU
	EndGlobalSection
	GlobalSection(SolutionProperties) = preSolution
		HideSolutionNode = FALSE
	EndGlobalSection
	GlobalSection(ExtensibilityGlobals) = postSolution
		SolutionGuid = {273DEC22-D36E-4642-BC62-9A95AEF0199C}
	EndGlobalSection
EndGlobal
